// !$*UTF8*$!
{
	archiveVersion = 1;
	classes = {
	};
	objectVersion = 50;
	objects = {

/* Begin PBXBuildFile section */
		E32EAB5425B8447D000E146B /* FoodItemView.swift in Sources */ = {isa = PBXBuildFile; fileRef = E32EAB5325B8447D000E146B /* FoodItemView.swift */; };
		E35A7E4C25B8637D0006BCB1 /* RecipeDetailView.swift in Sources */ = {isa = PBXBuildFile; fileRef = E35A7E4B25B8637D0006BCB1 /* RecipeDetailView.swift */; };
		E35A7E5125B8ACC70006BCB1 /* RecipeCookingView.swift in Sources */ = {isa = PBXBuildFile; fileRef = E35A7E5025B8ACC70006BCB1 /* RecipeCookingView.swift */; };
		E35A7E5B25B9958D0006BCB1 /* FavoriteView.swift in Sources */ = {isa = PBXBuildFile; fileRef = E35A7E5A25B9958D0006BCB1 /* FavoriteView.swift */; };
		E3850A0F25B738370034DBE8 /* HealthRecipesApp.swift in Sources */ = {isa = PBXBuildFile; fileRef = E3850A0E25B738370034DBE8 /* HealthRecipesApp.swift */; };
		E3850A1625B7383A0034DBE8 /* Preview Assets.xcassets in Resources */ = {isa = PBXBuildFile; fileRef = E3850A1525B7383A0034DBE8 /* Preview Assets.xcassets */; };
		E3850A2125B7383A0034DBE8 /* HealthRecipesTests.swift in Sources */ = {isa = PBXBuildFile; fileRef = E3850A2025B7383A0034DBE8 /* HealthRecipesTests.swift */; };
		E3850A2C25B7383A0034DBE8 /* HealthRecipesUITests.swift in Sources */ = {isa = PBXBuildFile; fileRef = E3850A2B25B7383A0034DBE8 /* HealthRecipesUITests.swift */; };
		E3850A5B25B7389F0034DBE8 /* Assets.xcassets in Resources */ = {isa = PBXBuildFile; fileRef = E3850A4025B7389E0034DBE8 /* Assets.xcassets */; };
		E3850A5F25B7389F0034DBE8 /* FactModel.swift in Sources */ = {isa = PBXBuildFile; fileRef = E3850A4725B7389F0034DBE8 /* FactModel.swift */; };
		E3850A6225B7389F0034DBE8 /* CategoryView.swift in Sources */ = {isa = PBXBuildFile; fileRef = E3850A4B25B7389F0034DBE8 /* CategoryView.swift */; };
		E3850A6325B7389F0034DBE8 /* FactsView.swift in Sources */ = {isa = PBXBuildFile; fileRef = E3850A4C25B7389F0034DBE8 /* FactsView.swift */; };
		E3850A6825B7389F0034DBE8 /* HomeView.swift in Sources */ = {isa = PBXBuildFile; fileRef = E3850A5125B7389F0034DBE8 /* HomeView.swift */; };
		E3850A6D25B7389F0034DBE8 /* ContentView.swift in Sources */ = {isa = PBXBuildFile; fileRef = E3850A5625B7389F0034DBE8 /* ContentView.swift */; };
		E3850A6E25B7389F0034DBE8 /* FactData.swift in Sources */ = {isa = PBXBuildFile; fileRef = E3850A5825B7389F0034DBE8 /* FactData.swift */; };
		E3850A9325B841810034DBE8 /* Launch Screen.storyboard in Resources */ = {isa = PBXBuildFile; fileRef = E3850A9225B841810034DBE8 /* Launch Screen.storyboard */; };
		E3BCB29725C1913000051460 /* RecipesModel.swift in Sources */ = {isa = PBXBuildFile; fileRef = E3BCB29625C1913000051460 /* RecipesModel.swift */; };
		E3C820E625DE857200289D11 /* BERNIER Shade.otf in Resources */ = {isa = PBXBuildFile; fileRef = E3C820E525DE857200289D11 /* BERNIER Shade.otf */; };
		E3C820F225DE8A7100289D11 /* Clickuper.ttf in Resources */ = {isa = PBXBuildFile; fileRef = E3C820EE25DE872C00289D11 /* Clickuper.ttf */; };
		E3C820F625DE8A8400289D11 /* Albatross.ttf in Resources */ = {isa = PBXBuildFile; fileRef = E3C820ED25DE871400289D11 /* Albatross.ttf */; };
		E3D588D025D54D3E00B79C3F /* RowView.swift in Sources */ = {isa = PBXBuildFile; fileRef = E3D588C025D54D3D00B79C3F /* RowView.swift */; };
		E3D588D325D54D3E00B79C3F /* NewChecklistItemView.swift in Sources */ = {isa = PBXBuildFile; fileRef = E3D588C325D54D3D00B79C3F /* NewChecklistItemView.swift */; };
		E3D588D425D54D3E00B79C3F /* Checklist.swift in Sources */ = {isa = PBXBuildFile; fileRef = E3D588C425D54D3D00B79C3F /* Checklist.swift */; };
		E3D588D525D54D3E00B79C3F /* CheckListView.swift in Sources */ = {isa = PBXBuildFile; fileRef = E3D588C525D54D3D00B79C3F /* CheckListView.swift */; };
		E3D588D625D54D3E00B79C3F /* IndexedCollection.swift in Sources */ = {isa = PBXBuildFile; fileRef = E3D588C725D54D3D00B79C3F /* IndexedCollection.swift */; };
		E3D588D725D54D3E00B79C3F /* Binding.swift in Sources */ = {isa = PBXBuildFile; fileRef = E3D588C825D54D3D00B79C3F /* Binding.swift */; };
		E3D588D825D54D3E00B79C3F /* ForEach.swift in Sources */ = {isa = PBXBuildFile; fileRef = E3D588C925D54D3D00B79C3F /* ForEach.swift */; };
		E3D588D925D54D3E00B79C3F /* EditChecklistItemView.swift in Sources */ = {isa = PBXBuildFile; fileRef = E3D588CA25D54D3E00B79C3F /* EditChecklistItemView.swift */; };
		E3D588DB25D54D3E00B79C3F /* CheckListItem .swift in Sources */ = {isa = PBXBuildFile; fileRef = E3D588CD25D54D3E00B79C3F /* CheckListItem .swift */; };
		E3E6594525D7116F00AEA7DD /* RecipeData.swift in Sources */ = {isa = PBXBuildFile; fileRef = E3E6594425D7116F00AEA7DD /* RecipeData.swift */; };
		E3E6595525D7141F00AEA7DD /* RecipeViewModel.swift in Sources */ = {isa = PBXBuildFile; fileRef = E3E6595225D7141F00AEA7DD /* RecipeViewModel.swift */; };
		E3E6595625D7141F00AEA7DD /* FavoriteViewModel.swift in Sources */ = {isa = PBXBuildFile; fileRef = E3E6595325D7141F00AEA7DD /* FavoriteViewModel.swift */; };
		E3E6595725D7141F00AEA7DD /* RecipesViewModel.swift in Sources */ = {isa = PBXBuildFile; fileRef = E3E6595425D7141F00AEA7DD /* RecipesViewModel.swift */; };
		E3E659D325DAADD800AEA7DD /* DetailView.swift in Sources */ = {isa = PBXBuildFile; fileRef = E3E659D225DAADD800AEA7DD /* DetailView.swift */; };
		E3E659D825DAB0DD00AEA7DD /* Keys.swift in Sources */ = {isa = PBXBuildFile; fileRef = E3E659D725DAB0DD00AEA7DD /* Keys.swift */; };
		E3E659F525DAC4DC00AEA7DD /* RecipeRowView.swift in Sources */ = {isa = PBXBuildFile; fileRef = E3E659F425DAC4DC00AEA7DD /* RecipeRowView.swift */; };
/* End PBXBuildFile section */

/* Begin PBXContainerItemProxy section */
		E3850A1D25B7383A0034DBE8 /* PBXContainerItemProxy */ = {
			isa = PBXContainerItemProxy;
			containerPortal = E3850A0325B738370034DBE8 /* Project object */;
			proxyType = 1;
			remoteGlobalIDString = E3850A0A25B738370034DBE8;
			remoteInfo = HealthRecipes;
		};
		E3850A2825B7383A0034DBE8 /* PBXContainerItemProxy */ = {
			isa = PBXContainerItemProxy;
			containerPortal = E3850A0325B738370034DBE8 /* Project object */;
			proxyType = 1;
			remoteGlobalIDString = E3850A0A25B738370034DBE8;
			remoteInfo = HealthRecipes;
		};
/* End PBXContainerItemProxy section */

/* Begin PBXFileReference section */
		E32EAB5325B8447D000E146B /* FoodItemView.swift */ = {isa = PBXFileReference; lastKnownFileType = sourcecode.swift; path = FoodItemView.swift; sourceTree = "<group>"; };
		E35A7E4B25B8637D0006BCB1 /* RecipeDetailView.swift */ = {isa = PBXFileReference; lastKnownFileType = sourcecode.swift; path = RecipeDetailView.swift; sourceTree = "<group>"; };
		E35A7E5025B8ACC70006BCB1 /* RecipeCookingView.swift */ = {isa = PBXFileReference; lastKnownFileType = sourcecode.swift; path = RecipeCookingView.swift; sourceTree = "<group>"; };
		E35A7E5A25B9958D0006BCB1 /* FavoriteView.swift */ = {isa = PBXFileReference; lastKnownFileType = sourcecode.swift; path = FavoriteView.swift; sourceTree = "<group>"; };
		E3850A0B25B738370034DBE8 /* HealthRecipes.app */ = {isa = PBXFileReference; explicitFileType = wrapper.application; includeInIndex = 0; path = HealthRecipes.app; sourceTree = BUILT_PRODUCTS_DIR; };
		E3850A0E25B738370034DBE8 /* HealthRecipesApp.swift */ = {isa = PBXFileReference; lastKnownFileType = sourcecode.swift; path = HealthRecipesApp.swift; sourceTree = "<group>"; };
		E3850A1525B7383A0034DBE8 /* Preview Assets.xcassets */ = {isa = PBXFileReference; lastKnownFileType = folder.assetcatalog; path = "Preview Assets.xcassets"; sourceTree = "<group>"; };
		E3850A1725B7383A0034DBE8 /* Info.plist */ = {isa = PBXFileReference; lastKnownFileType = text.plist.xml; path = Info.plist; sourceTree = "<group>"; };
		E3850A1C25B7383A0034DBE8 /* HealthRecipesTests.xctest */ = {isa = PBXFileReference; explicitFileType = wrapper.cfbundle; includeInIndex = 0; path = HealthRecipesTests.xctest; sourceTree = BUILT_PRODUCTS_DIR; };
		E3850A2025B7383A0034DBE8 /* HealthRecipesTests.swift */ = {isa = PBXFileReference; lastKnownFileType = sourcecode.swift; path = HealthRecipesTests.swift; sourceTree = "<group>"; };
		E3850A2225B7383A0034DBE8 /* Info.plist */ = {isa = PBXFileReference; lastKnownFileType = text.plist.xml; path = Info.plist; sourceTree = "<group>"; };
		E3850A2725B7383A0034DBE8 /* HealthRecipesUITests.xctest */ = {isa = PBXFileReference; explicitFileType = wrapper.cfbundle; includeInIndex = 0; path = HealthRecipesUITests.xctest; sourceTree = BUILT_PRODUCTS_DIR; };
		E3850A2B25B7383A0034DBE8 /* HealthRecipesUITests.swift */ = {isa = PBXFileReference; lastKnownFileType = sourcecode.swift; path = HealthRecipesUITests.swift; sourceTree = "<group>"; };
		E3850A2D25B7383A0034DBE8 /* Info.plist */ = {isa = PBXFileReference; lastKnownFileType = text.plist.xml; path = Info.plist; sourceTree = "<group>"; };
		E3850A4025B7389E0034DBE8 /* Assets.xcassets */ = {isa = PBXFileReference; lastKnownFileType = folder.assetcatalog; path = Assets.xcassets; sourceTree = "<group>"; };
		E3850A4725B7389F0034DBE8 /* FactModel.swift */ = {isa = PBXFileReference; fileEncoding = 4; lastKnownFileType = sourcecode.swift; path = FactModel.swift; sourceTree = "<group>"; };
		E3850A4B25B7389F0034DBE8 /* CategoryView.swift */ = {isa = PBXFileReference; fileEncoding = 4; lastKnownFileType = sourcecode.swift; path = CategoryView.swift; sourceTree = "<group>"; };
		E3850A4C25B7389F0034DBE8 /* FactsView.swift */ = {isa = PBXFileReference; fileEncoding = 4; lastKnownFileType = sourcecode.swift; path = FactsView.swift; sourceTree = "<group>"; };
		E3850A5125B7389F0034DBE8 /* HomeView.swift */ = {isa = PBXFileReference; fileEncoding = 4; lastKnownFileType = sourcecode.swift; path = HomeView.swift; sourceTree = "<group>"; };
		E3850A5625B7389F0034DBE8 /* ContentView.swift */ = {isa = PBXFileReference; fileEncoding = 4; lastKnownFileType = sourcecode.swift; path = ContentView.swift; sourceTree = "<group>"; };
		E3850A5825B7389F0034DBE8 /* FactData.swift */ = {isa = PBXFileReference; fileEncoding = 4; lastKnownFileType = sourcecode.swift; path = FactData.swift; sourceTree = "<group>"; };
		E3850A9225B841810034DBE8 /* Launch Screen.storyboard */ = {isa = PBXFileReference; lastKnownFileType = file.storyboard; path = "Launch Screen.storyboard"; sourceTree = "<group>"; };
		E3BCB29625C1913000051460 /* RecipesModel.swift */ = {isa = PBXFileReference; lastKnownFileType = sourcecode.swift; path = RecipesModel.swift; sourceTree = "<group>"; };
		E3C820E525DE857200289D11 /* BERNIER Shade.otf */ = {isa = PBXFileReference; lastKnownFileType = file; path = "BERNIER Shade.otf"; sourceTree = "<group>"; };
		E3C820ED25DE871400289D11 /* Albatross.ttf */ = {isa = PBXFileReference; lastKnownFileType = file; path = Albatross.ttf; sourceTree = "<group>"; };
		E3C820EE25DE872C00289D11 /* Clickuper.ttf */ = {isa = PBXFileReference; lastKnownFileType = file; path = Clickuper.ttf; sourceTree = "<group>"; };
		E3D588C025D54D3D00B79C3F /* RowView.swift */ = {isa = PBXFileReference; fileEncoding = 4; lastKnownFileType = sourcecode.swift; path = RowView.swift; sourceTree = "<group>"; };
		E3D588C325D54D3D00B79C3F /* NewChecklistItemView.swift */ = {isa = PBXFileReference; fileEncoding = 4; lastKnownFileType = sourcecode.swift; path = NewChecklistItemView.swift; sourceTree = "<group>"; };
		E3D588C425D54D3D00B79C3F /* Checklist.swift */ = {isa = PBXFileReference; fileEncoding = 4; lastKnownFileType = sourcecode.swift; path = Checklist.swift; sourceTree = "<group>"; };
		E3D588C525D54D3D00B79C3F /* CheckListView.swift */ = {isa = PBXFileReference; fileEncoding = 4; lastKnownFileType = sourcecode.swift; path = CheckListView.swift; sourceTree = "<group>"; };
		E3D588C725D54D3D00B79C3F /* IndexedCollection.swift */ = {isa = PBXFileReference; fileEncoding = 4; lastKnownFileType = sourcecode.swift; path = IndexedCollection.swift; sourceTree = "<group>"; };
		E3D588C825D54D3D00B79C3F /* Binding.swift */ = {isa = PBXFileReference; fileEncoding = 4; lastKnownFileType = sourcecode.swift; path = Binding.swift; sourceTree = "<group>"; };
		E3D588C925D54D3D00B79C3F /* ForEach.swift */ = {isa = PBXFileReference; fileEncoding = 4; lastKnownFileType = sourcecode.swift; path = ForEach.swift; sourceTree = "<group>"; };
		E3D588CA25D54D3E00B79C3F /* EditChecklistItemView.swift */ = {isa = PBXFileReference; fileEncoding = 4; lastKnownFileType = sourcecode.swift; path = EditChecklistItemView.swift; sourceTree = "<group>"; };
		E3D588CD25D54D3E00B79C3F /* CheckListItem .swift */ = {isa = PBXFileReference; fileEncoding = 4; lastKnownFileType = sourcecode.swift; path = "CheckListItem .swift"; sourceTree = "<group>"; };
		E3E6594425D7116F00AEA7DD /* RecipeData.swift */ = {isa = PBXFileReference; lastKnownFileType = sourcecode.swift; path = RecipeData.swift; sourceTree = "<group>"; };
		E3E6595225D7141F00AEA7DD /* RecipeViewModel.swift */ = {isa = PBXFileReference; fileEncoding = 4; lastKnownFileType = sourcecode.swift; path = RecipeViewModel.swift; sourceTree = "<group>"; };
		E3E6595325D7141F00AEA7DD /* FavoriteViewModel.swift */ = {isa = PBXFileReference; fileEncoding = 4; lastKnownFileType = sourcecode.swift; path = FavoriteViewModel.swift; sourceTree = "<group>"; };
		E3E6595425D7141F00AEA7DD /* RecipesViewModel.swift */ = {isa = PBXFileReference; fileEncoding = 4; lastKnownFileType = sourcecode.swift; path = RecipesViewModel.swift; sourceTree = "<group>"; };
		E3E659D225DAADD800AEA7DD /* DetailView.swift */ = {isa = PBXFileReference; lastKnownFileType = sourcecode.swift; path = DetailView.swift; sourceTree = "<group>"; };
		E3E659D725DAB0DD00AEA7DD /* Keys.swift */ = {isa = PBXFileReference; fileEncoding = 4; lastKnownFileType = sourcecode.swift; path = Keys.swift; sourceTree = "<group>"; };
		E3E659F425DAC4DC00AEA7DD /* RecipeRowView.swift */ = {isa = PBXFileReference; fileEncoding = 4; lastKnownFileType = sourcecode.swift; path = RecipeRowView.swift; sourceTree = "<group>"; };
/* End PBXFileReference section */

/* Begin PBXFrameworksBuildPhase section */
		E3850A0825B738370034DBE8 /* Frameworks */ = {
			isa = PBXFrameworksBuildPhase;
			buildActionMask = 2147483647;
			files = (
			);
			runOnlyForDeploymentPostprocessing = 0;
		};
		E3850A1925B7383A0034DBE8 /* Frameworks */ = {
			isa = PBXFrameworksBuildPhase;
			buildActionMask = 2147483647;
			files = (
			);
			runOnlyForDeploymentPostprocessing = 0;
		};
		E3850A2425B7383A0034DBE8 /* Frameworks */ = {
			isa = PBXFrameworksBuildPhase;
			buildActionMask = 2147483647;
			files = (
			);
			runOnlyForDeploymentPostprocessing = 0;
		};
/* End PBXFrameworksBuildPhase section */

/* Begin PBXGroup section */
		E3850A0225B738370034DBE8 = {
			isa = PBXGroup;
			children = (
				E3850A0D25B738370034DBE8 /* HealthRecipes */,
				E3850A1F25B7383A0034DBE8 /* HealthRecipesTests */,
				E3850A2A25B7383A0034DBE8 /* HealthRecipesUITests */,
				E3850A0C25B738370034DBE8 /* Products */,
			);
			sourceTree = "<group>";
		};
		E3850A0C25B738370034DBE8 /* Products */ = {
			isa = PBXGroup;
			children = (
				E3850A0B25B738370034DBE8 /* HealthRecipes.app */,
				E3850A1C25B7383A0034DBE8 /* HealthRecipesTests.xctest */,
				E3850A2725B7383A0034DBE8 /* HealthRecipesUITests.xctest */,
			);
			name = Products;
			sourceTree = "<group>";
		};
		E3850A0D25B738370034DBE8 /* HealthRecipes */ = {
			isa = PBXGroup;
			children = (
				E3850A1725B7383A0034DBE8 /* Info.plist */,
				E3850A9225B841810034DBE8 /* Launch Screen.storyboard */,
				E3850A0E25B738370034DBE8 /* HealthRecipesApp.swift */,
				E3850A4025B7389E0034DBE8 /* Assets.xcassets */,
				E3850A5725B7389F0034DBE8 /* Data */,
				E3850A4525B7389F0034DBE8 /* Model */,
				E3E65A0E25DADF8F00AEA7DD /* Support */,
				E3850A4A25B7389F0034DBE8 /* View */,
				E3BCB29525C18E0800051460 /* ViewModel */,
				E3850A1425B7383A0034DBE8 /* Preview Content */,
			);
			path = HealthRecipes;
			sourceTree = "<group>";
		};
		E3850A1425B7383A0034DBE8 /* Preview Content */ = {
			isa = PBXGroup;
			children = (
				E3850A1525B7383A0034DBE8 /* Preview Assets.xcassets */,
			);
			path = "Preview Content";
			sourceTree = "<group>";
		};
		E3850A1F25B7383A0034DBE8 /* HealthRecipesTests */ = {
			isa = PBXGroup;
			children = (
				E3850A2025B7383A0034DBE8 /* HealthRecipesTests.swift */,
				E3850A2225B7383A0034DBE8 /* Info.plist */,
			);
			path = HealthRecipesTests;
			sourceTree = "<group>";
		};
		E3850A2A25B7383A0034DBE8 /* HealthRecipesUITests */ = {
			isa = PBXGroup;
			children = (
				E3850A2B25B7383A0034DBE8 /* HealthRecipesUITests.swift */,
				E3850A2D25B7383A0034DBE8 /* Info.plist */,
			);
			path = HealthRecipesUITests;
			sourceTree = "<group>";
		};
		E3850A4325B7389F0034DBE8 /* Category */ = {
			isa = PBXGroup;
			children = (
				E3850A4B25B7389F0034DBE8 /* CategoryView.swift */,
				E3E659D225DAADD800AEA7DD /* DetailView.swift */,
				E32EAB5325B8447D000E146B /* FoodItemView.swift */,
				E35A7E4B25B8637D0006BCB1 /* RecipeDetailView.swift */,
				E35A7E5025B8ACC70006BCB1 /* RecipeCookingView.swift */,
			);
			path = Category;
			sourceTree = "<group>";
		};
		E3850A4525B7389F0034DBE8 /* Model */ = {
			isa = PBXGroup;
			children = (
				E3850A4725B7389F0034DBE8 /* FactModel.swift */,
				E3BCB29625C1913000051460 /* RecipesModel.swift */,
			);
			path = Model;
			sourceTree = "<group>";
		};
		E3850A4A25B7389F0034DBE8 /* View */ = {
			isa = PBXGroup;
			children = (
				E3850A5625B7389F0034DBE8 /* ContentView.swift */,
				E3850A4325B7389F0034DBE8 /* Category */,
				E3E65A1925DAE0AD00AEA7DD /* Favorite */,
				E3E65A1525DAE09800AEA7DD /* Home */,
				E3D588BF25D54D0600B79C3F /* NotesView */,
			);
			path = View;
			sourceTree = "<group>";
		};
		E3850A5725B7389F0034DBE8 /* Data */ = {
			isa = PBXGroup;
			children = (
				E3850A5825B7389F0034DBE8 /* FactData.swift */,
				E3E6594425D7116F00AEA7DD /* RecipeData.swift */,
			);
			path = Data;
			sourceTree = "<group>";
		};
		E3BCB29525C18E0800051460 /* ViewModel */ = {
			isa = PBXGroup;
			children = (
				E3E6595325D7141F00AEA7DD /* FavoriteViewModel.swift */,
				E3E6595425D7141F00AEA7DD /* RecipesViewModel.swift */,
				E3E6595225D7141F00AEA7DD /* RecipeViewModel.swift */,
			);
			path = ViewModel;
			sourceTree = "<group>";
		};
		E3D588BF25D54D0600B79C3F /* NotesView */ = {
			isa = PBXGroup;
			children = (
				E3D588C425D54D3D00B79C3F /* Checklist.swift */,
				E3D588CD25D54D3E00B79C3F /* CheckListItem .swift */,
				E3D588C525D54D3D00B79C3F /* CheckListView.swift */,
				E3D588CA25D54D3E00B79C3F /* EditChecklistItemView.swift */,
				E3D588C325D54D3D00B79C3F /* NewChecklistItemView.swift */,
				E3D588C025D54D3D00B79C3F /* RowView.swift */,
				E3D588C625D54D3D00B79C3F /* Extensions */,
			);
			path = NotesView;
			sourceTree = "<group>";
		};
		E3D588C625D54D3D00B79C3F /* Extensions */ = {
			isa = PBXGroup;
			children = (
				E3D588C725D54D3D00B79C3F /* IndexedCollection.swift */,
				E3D588C825D54D3D00B79C3F /* Binding.swift */,
				E3D588C925D54D3D00B79C3F /* ForEach.swift */,
			);
			path = Extensions;
			sourceTree = "<group>";
		};
		E3E65A0E25DADF8F00AEA7DD /* Support */ = {
			isa = PBXGroup;
			children = (
				E3C820E525DE857200289D11 /* BERNIER Shade.otf */,
				E3C820ED25DE871400289D11 /* Albatross.ttf */,
				E3C820EE25DE872C00289D11 /* Clickuper.ttf */,
				E3E659D725DAB0DD00AEA7DD /* Keys.swift */,
			);
			path = Support;
			sourceTree = "<group>";
		};
		E3E65A1525DAE09800AEA7DD /* Home */ = {
			isa = PBXGroup;
			children = (
				E3850A4C25B7389F0034DBE8 /* FactsView.swift */,
				E3850A5125B7389F0034DBE8 /* HomeView.swift */,
				E3E659F425DAC4DC00AEA7DD /* RecipeRowView.swift */,
			);
			path = Home;
			sourceTree = "<group>";
		};
		E3E65A1925DAE0AD00AEA7DD /* Favorite */ = {
			isa = PBXGroup;
			children = (
				E35A7E5A25B9958D0006BCB1 /* FavoriteView.swift */,
			);
			path = Favorite;
			sourceTree = "<group>";
		};
/* End PBXGroup section */

/* Begin PBXNativeTarget section */
		E3850A0A25B738370034DBE8 /* HealthRecipes */ = {
			isa = PBXNativeTarget;
			buildConfigurationList = E3850A3025B7383A0034DBE8 /* Build configuration list for PBXNativeTarget "HealthRecipes" */;
			buildPhases = (
				E3850A0725B738370034DBE8 /* Sources */,
				E3850A0825B738370034DBE8 /* Frameworks */,
				E3850A0925B738370034DBE8 /* Resources */,
			);
			buildRules = (
			);
			dependencies = (
			);
			name = HealthRecipes;
			productName = HealthRecipes;
			productReference = E3850A0B25B738370034DBE8 /* HealthRecipes.app */;
			productType = "com.apple.product-type.application";
		};
		E3850A1B25B7383A0034DBE8 /* HealthRecipesTests */ = {
			isa = PBXNativeTarget;
			buildConfigurationList = E3850A3325B7383A0034DBE8 /* Build configuration list for PBXNativeTarget "HealthRecipesTests" */;
			buildPhases = (
				E3850A1825B7383A0034DBE8 /* Sources */,
				E3850A1925B7383A0034DBE8 /* Frameworks */,
				E3850A1A25B7383A0034DBE8 /* Resources */,
			);
			buildRules = (
			);
			dependencies = (
				E3850A1E25B7383A0034DBE8 /* PBXTargetDependency */,
			);
			name = HealthRecipesTests;
			productName = HealthRecipesTests;
			productReference = E3850A1C25B7383A0034DBE8 /* HealthRecipesTests.xctest */;
			productType = "com.apple.product-type.bundle.unit-test";
		};
		E3850A2625B7383A0034DBE8 /* HealthRecipesUITests */ = {
			isa = PBXNativeTarget;
			buildConfigurationList = E3850A3625B7383A0034DBE8 /* Build configuration list for PBXNativeTarget "HealthRecipesUITests" */;
			buildPhases = (
				E3850A2325B7383A0034DBE8 /* Sources */,
				E3850A2425B7383A0034DBE8 /* Frameworks */,
				E3850A2525B7383A0034DBE8 /* Resources */,
			);
			buildRules = (
			);
			dependencies = (
				E3850A2925B7383A0034DBE8 /* PBXTargetDependency */,
			);
			name = HealthRecipesUITests;
			productName = HealthRecipesUITests;
			productReference = E3850A2725B7383A0034DBE8 /* HealthRecipesUITests.xctest */;
			productType = "com.apple.product-type.bundle.ui-testing";
		};
/* End PBXNativeTarget section */

/* Begin PBXProject section */
		E3850A0325B738370034DBE8 /* Project object */ = {
			isa = PBXProject;
			attributes = {
				LastSwiftUpdateCheck = 1230;
				LastUpgradeCheck = 1230;
				TargetAttributes = {
					E3850A0A25B738370034DBE8 = {
						CreatedOnToolsVersion = 12.3;
					};
					E3850A1B25B7383A0034DBE8 = {
						CreatedOnToolsVersion = 12.3;
						TestTargetID = E3850A0A25B738370034DBE8;
					};
					E3850A2625B7383A0034DBE8 = {
						CreatedOnToolsVersion = 12.3;
						TestTargetID = E3850A0A25B738370034DBE8;
					};
				};
			};
			buildConfigurationList = E3850A0625B738370034DBE8 /* Build configuration list for PBXProject "HealthRecipes" */;
			compatibilityVersion = "Xcode 9.3";
			developmentRegion = en;
			hasScannedForEncodings = 0;
			knownRegions = (
				en,
				Base,
			);
			mainGroup = E3850A0225B738370034DBE8;
			productRefGroup = E3850A0C25B738370034DBE8 /* Products */;
			projectDirPath = "";
			projectRoot = "";
			targets = (
				E3850A0A25B738370034DBE8 /* HealthRecipes */,
				E3850A1B25B7383A0034DBE8 /* HealthRecipesTests */,
				E3850A2625B7383A0034DBE8 /* HealthRecipesUITests */,
			);
		};
/* End PBXProject section */

/* Begin PBXResourcesBuildPhase section */
		E3850A0925B738370034DBE8 /* Resources */ = {
			isa = PBXResourcesBuildPhase;
			buildActionMask = 2147483647;
			files = (
				E3C820F225DE8A7100289D11 /* Clickuper.ttf in Resources */,
				E3C820E625DE857200289D11 /* BERNIER Shade.otf in Resources */,
				E3C820F625DE8A8400289D11 /* Albatross.ttf in Resources */,
				E3850A1625B7383A0034DBE8 /* Preview Assets.xcassets in Resources */,
				E3850A5B25B7389F0034DBE8 /* Assets.xcassets in Resources */,
				E3850A9325B841810034DBE8 /* Launch Screen.storyboard in Resources */,
			);
			runOnlyForDeploymentPostprocessing = 0;
		};
		E3850A1A25B7383A0034DBE8 /* Resources */ = {
			isa = PBXResourcesBuildPhase;
			buildActionMask = 2147483647;
			files = (
			);
			runOnlyForDeploymentPostprocessing = 0;
		};
		E3850A2525B7383A0034DBE8 /* Resources */ = {
			isa = PBXResourcesBuildPhase;
			buildActionMask = 2147483647;
			files = (
			);
			runOnlyForDeploymentPostprocessing = 0;
		};
/* End PBXResourcesBuildPhase section */

/* Begin PBXSourcesBuildPhase section */
		E3850A0725B738370034DBE8 /* Sources */ = {
			isa = PBXSourcesBuildPhase;
			buildActionMask = 2147483647;
			files = (
				E3E659F525DAC4DC00AEA7DD /* RecipeRowView.swift in Sources */,
				E3BCB29725C1913000051460 /* RecipesModel.swift in Sources */,
				E35A7E4C25B8637D0006BCB1 /* RecipeDetailView.swift in Sources */,
				E3E6594525D7116F00AEA7DD /* RecipeData.swift in Sources */,
				E3E6595525D7141F00AEA7DD /* RecipeViewModel.swift in Sources */,
				E3D588D425D54D3E00B79C3F /* Checklist.swift in Sources */,
				E3D588D525D54D3E00B79C3F /* CheckListView.swift in Sources */,
				E3D588D925D54D3E00B79C3F /* EditChecklistItemView.swift in Sources */,
				E3850A6225B7389F0034DBE8 /* CategoryView.swift in Sources */,
				E3D588D625D54D3E00B79C3F /* IndexedCollection.swift in Sources */,
				E3850A6825B7389F0034DBE8 /* HomeView.swift in Sources */,
				E3D588DB25D54D3E00B79C3F /* CheckListItem .swift in Sources */,
				E3D588D725D54D3E00B79C3F /* Binding.swift in Sources */,
				E35A7E5125B8ACC70006BCB1 /* RecipeCookingView.swift in Sources */,
				E3E659D825DAB0DD00AEA7DD /* Keys.swift in Sources */,
				E3E659D325DAADD800AEA7DD /* DetailView.swift in Sources */,
				E32EAB5425B8447D000E146B /* FoodItemView.swift in Sources */,
				E3E6595625D7141F00AEA7DD /* FavoriteViewModel.swift in Sources */,
				E3850A5F25B7389F0034DBE8 /* FactModel.swift in Sources */,
				E3850A0F25B738370034DBE8 /* HealthRecipesApp.swift in Sources */,
				E3850A6325B7389F0034DBE8 /* FactsView.swift in Sources */,
				E3850A6E25B7389F0034DBE8 /* FactData.swift in Sources */,
				E3850A6D25B7389F0034DBE8 /* ContentView.swift in Sources */,
				E35A7E5B25B9958D0006BCB1 /* FavoriteView.swift in Sources */,
				E3D588D025D54D3E00B79C3F /* RowView.swift in Sources */,
				E3D588D325D54D3E00B79C3F /* NewChecklistItemView.swift in Sources */,
				E3E6595725D7141F00AEA7DD /* RecipesViewModel.swift in Sources */,
				E3D588D825D54D3E00B79C3F /* ForEach.swift in Sources */,
			);
			runOnlyForDeploymentPostprocessing = 0;
		};
		E3850A1825B7383A0034DBE8 /* Sources */ = {
			isa = PBXSourcesBuildPhase;
			buildActionMask = 2147483647;
			files = (
				E3850A2125B7383A0034DBE8 /* HealthRecipesTests.swift in Sources */,
			);
			runOnlyForDeploymentPostprocessing = 0;
		};
		E3850A2325B7383A0034DBE8 /* Sources */ = {
			isa = PBXSourcesBuildPhase;
			buildActionMask = 2147483647;
			files = (
				E3850A2C25B7383A0034DBE8 /* HealthRecipesUITests.swift in Sources */,
			);
			runOnlyForDeploymentPostprocessing = 0;
		};
/* End PBXSourcesBuildPhase section */

/* Begin PBXTargetDependency section */
		E3850A1E25B7383A0034DBE8 /* PBXTargetDependency */ = {
			isa = PBXTargetDependency;
			target = E3850A0A25B738370034DBE8 /* HealthRecipes */;
			targetProxy = E3850A1D25B7383A0034DBE8 /* PBXContainerItemProxy */;
		};
		E3850A2925B7383A0034DBE8 /* PBXTargetDependency */ = {
			isa = PBXTargetDependency;
			target = E3850A0A25B738370034DBE8 /* HealthRecipes */;
			targetProxy = E3850A2825B7383A0034DBE8 /* PBXContainerItemProxy */;
		};
/* End PBXTargetDependency section */

/* Begin XCBuildConfiguration section */
		E3850A2E25B7383A0034DBE8 /* Debug */ = {
			isa = XCBuildConfiguration;
			buildSettings = {
				ALWAYS_SEARCH_USER_PATHS = NO;
				CLANG_ANALYZER_NONNULL = YES;
				CLANG_ANALYZER_NUMBER_OBJECT_CONVERSION = YES_AGGRESSIVE;
				CLANG_CXX_LANGUAGE_STANDARD = "gnu++14";
				CLANG_CXX_LIBRARY = "libc++";
				CLANG_ENABLE_MODULES = YES;
				CLANG_ENABLE_OBJC_ARC = YES;
				CLANG_ENABLE_OBJC_WEAK = YES;
				CLANG_WARN_BLOCK_CAPTURE_AUTORELEASING = YES;
				CLANG_WARN_BOOL_CONVERSION = YES;
				CLANG_WARN_COMMA = YES;
				CLANG_WARN_CONSTANT_CONVERSION = YES;
				CLANG_WARN_DEPRECATED_OBJC_IMPLEMENTATIONS = YES;
				CLANG_WARN_DIRECT_OBJC_ISA_USAGE = YES_ERROR;
				CLANG_WARN_DOCUMENTATION_COMMENTS = YES;
				CLANG_WARN_EMPTY_BODY = YES;
				CLANG_WARN_ENUM_CONVERSION = YES;
				CLANG_WARN_INFINITE_RECURSION = YES;
				CLANG_WARN_INT_CONVERSION = YES;
				CLANG_WARN_NON_LITERAL_NULL_CONVERSION = YES;
				CLANG_WARN_OBJC_IMPLICIT_RETAIN_SELF = YES;
				CLANG_WARN_OBJC_LITERAL_CONVERSION = YES;
				CLANG_WARN_OBJC_ROOT_CLASS = YES_ERROR;
				CLANG_WARN_QUOTED_INCLUDE_IN_FRAMEWORK_HEADER = YES;
				CLANG_WARN_RANGE_LOOP_ANALYSIS = YES;
				CLANG_WARN_STRICT_PROTOTYPES = YES;
				CLANG_WARN_SUSPICIOUS_MOVE = YES;
				CLANG_WARN_UNGUARDED_AVAILABILITY = YES_AGGRESSIVE;
				CLANG_WARN_UNREACHABLE_CODE = YES;
				CLANG_WARN__DUPLICATE_METHOD_MATCH = YES;
				COPY_PHASE_STRIP = NO;
				DEBUG_INFORMATION_FORMAT = dwarf;
				ENABLE_STRICT_OBJC_MSGSEND = YES;
				ENABLE_TESTABILITY = YES;
				GCC_C_LANGUAGE_STANDARD = gnu11;
				GCC_DYNAMIC_NO_PIC = NO;
				GCC_NO_COMMON_BLOCKS = YES;
				GCC_OPTIMIZATION_LEVEL = 0;
				GCC_PREPROCESSOR_DEFINITIONS = (
					"DEBUG=1",
					"$(inherited)",
				);
				GCC_WARN_64_TO_32_BIT_CONVERSION = YES;
				GCC_WARN_ABOUT_RETURN_TYPE = YES_ERROR;
				GCC_WARN_UNDECLARED_SELECTOR = YES;
				GCC_WARN_UNINITIALIZED_AUTOS = YES_AGGRESSIVE;
				GCC_WARN_UNUSED_FUNCTION = YES;
				GCC_WARN_UNUSED_VARIABLE = YES;
				IPHONEOS_DEPLOYMENT_TARGET = 14.3;
				MTL_ENABLE_DEBUG_INFO = INCLUDE_SOURCE;
				MTL_FAST_MATH = YES;
				ONLY_ACTIVE_ARCH = YES;
				SDKROOT = iphoneos;
				SWIFT_ACTIVE_COMPILATION_CONDITIONS = DEBUG;
				SWIFT_OPTIMIZATION_LEVEL = "-Onone";
			};
			name = Debug;
		};
		E3850A2F25B7383A0034DBE8 /* Release */ = {
			isa = XCBuildConfiguration;
			buildSettings = {
				ALWAYS_SEARCH_USER_PATHS = NO;
				CLANG_ANALYZER_NONNULL = YES;
				CLANG_ANALYZER_NUMBER_OBJECT_CONVERSION = YES_AGGRESSIVE;
				CLANG_CXX_LANGUAGE_STANDARD = "gnu++14";
				CLANG_CXX_LIBRARY = "libc++";
				CLANG_ENABLE_MODULES = YES;
				CLANG_ENABLE_OBJC_ARC = YES;
				CLANG_ENABLE_OBJC_WEAK = YES;
				CLANG_WARN_BLOCK_CAPTURE_AUTORELEASING = YES;
				CLANG_WARN_BOOL_CONVERSION = YES;
				CLANG_WARN_COMMA = YES;
				CLANG_WARN_CONSTANT_CONVERSION = YES;
				CLANG_WARN_DEPRECATED_OBJC_IMPLEMENTATIONS = YES;
				CLANG_WARN_DIRECT_OBJC_ISA_USAGE = YES_ERROR;
				CLANG_WARN_DOCUMENTATION_COMMENTS = YES;
				CLANG_WARN_EMPTY_BODY = YES;
				CLANG_WARN_ENUM_CONVERSION = YES;
				CLANG_WARN_INFINITE_RECURSION = YES;
				CLANG_WARN_INT_CONVERSION = YES;
				CLANG_WARN_NON_LITERAL_NULL_CONVERSION = YES;
				CLANG_WARN_OBJC_IMPLICIT_RETAIN_SELF = YES;
				CLANG_WARN_OBJC_LITERAL_CONVERSION = YES;
				CLANG_WARN_OBJC_ROOT_CLASS = YES_ERROR;
				CLANG_WARN_QUOTED_INCLUDE_IN_FRAMEWORK_HEADER = YES;
				CLANG_WARN_RANGE_LOOP_ANALYSIS = YES;
				CLANG_WARN_STRICT_PROTOTYPES = YES;
				CLANG_WARN_SUSPICIOUS_MOVE = YES;
				CLANG_WARN_UNGUARDED_AVAILABILITY = YES_AGGRESSIVE;
				CLANG_WARN_UNREACHABLE_CODE = YES;
				CLANG_WARN__DUPLICATE_METHOD_MATCH = YES;
				COPY_PHASE_STRIP = NO;
				DEBUG_INFORMATION_FORMAT = "dwarf-with-dsym";
				ENABLE_NS_ASSERTIONS = NO;
				ENABLE_STRICT_OBJC_MSGSEND = YES;
				GCC_C_LANGUAGE_STANDARD = gnu11;
				GCC_NO_COMMON_BLOCKS = YES;
				GCC_WARN_64_TO_32_BIT_CONVERSION = YES;
				GCC_WARN_ABOUT_RETURN_TYPE = YES_ERROR;
				GCC_WARN_UNDECLARED_SELECTOR = YES;
				GCC_WARN_UNINITIALIZED_AUTOS = YES_AGGRESSIVE;
				GCC_WARN_UNUSED_FUNCTION = YES;
				GCC_WARN_UNUSED_VARIABLE = YES;
				IPHONEOS_DEPLOYMENT_TARGET = 14.3;
				MTL_ENABLE_DEBUG_INFO = NO;
				MTL_FAST_MATH = YES;
				SDKROOT = iphoneos;
				SWIFT_COMPILATION_MODE = wholemodule;
				SWIFT_OPTIMIZATION_LEVEL = "-O";
				VALIDATE_PRODUCT = YES;
			};
			name = Release;
		};
		E3850A3125B7383A0034DBE8 /* Debug */ = {
			isa = XCBuildConfiguration;
			buildSettings = {
				ASSETCATALOG_COMPILER_APPICON_NAME = AppIcon;
				ASSETCATALOG_COMPILER_GLOBAL_ACCENT_COLOR_NAME = AccentColor;
				CODE_SIGN_STYLE = Automatic;
				DEVELOPMENT_ASSET_PATHS = "\"HealthRecipes/Preview Content\"";
				DEVELOPMENT_TEAM = F8PHUAXQLZ;
				ENABLE_PREVIEWS = YES;
				INFOPLIST_FILE = HealthRecipes/Info.plist;
				IPHONEOS_DEPLOYMENT_TARGET = 14.0;
				LD_RUNPATH_SEARCH_PATHS = (
					"$(inherited)",
					"@executable_path/Frameworks",
				);
				PRODUCT_BUNDLE_IDENTIFIER = com.hackingwithswift.HealthRecipes;
				PRODUCT_NAME = "$(TARGET_NAME)";
				SWIFT_VERSION = 5.0;
				TARGETED_DEVICE_FAMILY = "1,2";
			};
			name = Debug;
		};
		E3850A3225B7383A0034DBE8 /* Release */ = {
			isa = XCBuildConfiguration;
			buildSettings = {
				ASSETCATALOG_COMPILER_APPICON_NAME = AppIcon;
				ASSETCATALOG_COMPILER_GLOBAL_ACCENT_COLOR_NAME = AccentColor;
				CODE_SIGN_STYLE = Automatic;
				DEVELOPMENT_ASSET_PATHS = "\"HealthRecipes/Preview Content\"";
				DEVELOPMENT_TEAM = F8PHUAXQLZ;
				ENABLE_PREVIEWS = YES;
				INFOPLIST_FILE = HealthRecipes/Info.plist;
				IPHONEOS_DEPLOYMENT_TARGET = 14.0;
				LD_RUNPATH_SEARCH_PATHS = (
					"$(inherited)",
					"@executable_path/Frameworks",
				);
				PRODUCT_BUNDLE_IDENTIFIER = com.hackingwithswift.HealthRecipes;
				PRODUCT_NAME = "$(TARGET_NAME)";
				SWIFT_VERSION = 5.0;
				TARGETED_DEVICE_FAMILY = "1,2";
			};
			name = Release;
		};
		E3850A3425B7383A0034DBE8 /* Debug */ = {
			isa = XCBuildConfiguration;
			buildSettings = {
				ALWAYS_EMBED_SWIFT_STANDARD_LIBRARIES = YES;
				BUNDLE_LOADER = "$(TEST_HOST)";
				CODE_SIGN_STYLE = Automatic;
				DEVELOPMENT_TEAM = F8PHUAXQLZ;
				INFOPLIST_FILE = HealthRecipesTests/Info.plist;
				IPHONEOS_DEPLOYMENT_TARGET = 14.0;
				LD_RUNPATH_SEARCH_PATHS = (
					"$(inherited)",
					"@executable_path/Frameworks",
					"@loader_path/Frameworks",
				);
				PRODUCT_BUNDLE_IDENTIFIER = com.hackingwithswift.HealthRecipesTests;
				PRODUCT_NAME = "$(TARGET_NAME)";
				SWIFT_VERSION = 5.0;
				TARGETED_DEVICE_FAMILY = "1,2";
				TEST_HOST = "$(BUILT_PRODUCTS_DIR)/HealthRecipes.app/HealthRecipes";
			};
			name = Debug;
		};
		E3850A3525B7383A0034DBE8 /* Release */ = {
			isa = XCBuildConfiguration;
			buildSettings = {
				ALWAYS_EMBED_SWIFT_STANDARD_LIBRARIES = YES;
				BUNDLE_LOADER = "$(TEST_HOST)";
				CODE_SIGN_STYLE = Automatic;
				DEVELOPMENT_TEAM = F8PHUAXQLZ;
				INFOPLIST_FILE = HealthRecipesTests/Info.plist;
				IPHONEOS_DEPLOYMENT_TARGET = 14.0;
				LD_RUNPATH_SEARCH_PATHS = (
					"$(inherited)",
					"@executable_path/Frameworks",
					"@loader_path/Frameworks",
				);
				PRODUCT_BUNDLE_IDENTIFIER = com.hackingwithswift.HealthRecipesTests;
				PRODUCT_NAME = "$(TARGET_NAME)";
				SWIFT_VERSION = 5.0;
				TARGETED_DEVICE_FAMILY = "1,2";
				TEST_HOST = "$(BUILT_PRODUCTS_DIR)/HealthRecipes.app/HealthRecipes";
			};
			name = Release;
		};
		E3850A3725B7383A0034DBE8 /* Debug */ = {
			isa = XCBuildConfiguration;
			buildSettings = {
				ALWAYS_EMBED_SWIFT_STANDARD_LIBRARIES = YES;
				CODE_SIGN_STYLE = Automatic;
				DEVELOPMENT_TEAM = F8PHUAXQLZ;
				INFOPLIST_FILE = HealthRecipesUITests/Info.plist;
				LD_RUNPATH_SEARCH_PATHS = (
					"$(inherited)",
					"@executable_path/Frameworks",
					"@loader_path/Frameworks",
				);
				PRODUCT_BUNDLE_IDENTIFIER = com.hackingwithswift.HealthRecipesUITests;
				PRODUCT_NAME = "$(TARGET_NAME)";
				SWIFT_VERSION = 5.0;
				TARGETED_DEVICE_FAMILY = "1,2";
				TEST_TARGET_NAME = HealthRecipes;
			};
			name = Debug;
		};
		E3850A3825B7383A0034DBE8 /* Release */ = {
			isa = XCBuildConfiguration;
			buildSettings = {
				ALWAYS_EMBED_SWIFT_STANDARD_LIBRARIES = YES;
				CODE_SIGN_STYLE = Automatic;
				DEVELOPMENT_TEAM = F8PHUAXQLZ;
				INFOPLIST_FILE = HealthRecipesUITests/Info.plist;
				LD_RUNPATH_SEARCH_PATHS = (
					"$(inherited)",
					"@executable_path/Frameworks",
					"@loader_path/Frameworks",
				);
				PRODUCT_BUNDLE_IDENTIFIER = com.hackingwithswift.HealthRecipesUITests;
				PRODUCT_NAME = "$(TARGET_NAME)";
				SWIFT_VERSION = 5.0;
				TARGETED_DEVICE_FAMILY = "1,2";
				TEST_TARGET_NAME = HealthRecipes;
			};
			name = Release;
		};
/* End XCBuildConfiguration section */

/* Begin XCConfigurationList section */
		E3850A0625B738370034DBE8 /* Build configuration list for PBXProject "HealthRecipes" */ = {
			isa = XCConfigurationList;
			buildConfigurations = (
				E3850A2E25B7383A0034DBE8 /* Debug */,
				E3850A2F25B7383A0034DBE8 /* Release */,
			);
			defaultConfigurationIsVisible = 0;
			defaultConfigurationName = Release;
		};
		E3850A3025B7383A0034DBE8 /* Build configuration list for PBXNativeTarget "HealthRecipes" */ = {
			isa = XCConfigurationList;
			buildConfigurations = (
				E3850A3125B7383A0034DBE8 /* Debug */,
				E3850A3225B7383A0034DBE8 /* Release */,
			);
			defaultConfigurationIsVisible = 0;
			defaultConfigurationName = Release;
		};
		E3850A3325B7383A0034DBE8 /* Build configuration list for PBXNativeTarget "HealthRecipesTests" */ = {
			isa = XCConfigurationList;
			buildConfigurations = (
				E3850A3425B7383A0034DBE8 /* Debug */,
				E3850A3525B7383A0034DBE8 /* Release */,
			);
			defaultConfigurationIsVisible = 0;
			defaultConfigurationName = Release;
		};
		E3850A3625B7383A0034DBE8 /* Build configuration list for PBXNativeTarget "HealthRecipesUITests" */ = {
			isa = XCConfigurationList;
			buildConfigurations = (
				E3850A3725B7383A0034DBE8 /* Debug */,
				E3850A3825B7383A0034DBE8 /* Release */,
			);
			defaultConfigurationIsVisible = 0;
			defaultConfigurationName = Release;
		};
/* End XCConfigurationList section */
	};
	rootObject = E3850A0325B738370034DBE8 /* Project object */;
}
